
Microsoft Visual Studio Solution File, Format Version 12.00
# Visual Studio Version 16
VisualStudioVersion = 16.0.30128.74
MinimumVisualStudioVersion = 10.0.40219.1
Project("{9A19103F-16F7-4668-BE54-9A1E7A4F7556}") = "GracefulTypes", "GracefulTypes\GracefulTypes.csproj", "{232BE58D-64D2-4739-9874-06EFF135B1A0}"
EndProject
Project("{FAE04EC0-301F-11D3-BF4B-00C04F79EFBC}") = "GracefulTypes.Tests", "..\GracefulTypes.Tests\GracefulTypes.Tests.csproj", "{2AF0A83A-0013-42B9-B320-DE3965A5304D}"
EndProject
Global
	GlobalSection(SolutionConfigurationPlatforms) = preSolution
		Debug|Any CPU = Debug|Any CPU
		Release|Any CPU = Release|Any CPU
	EndGlobalSection
	GlobalSection(ProjectConfigurationPlatforms) = postSolution
		{232BE58D-64D2-4739-9874-06EFF135B1A0}.Debug|Any CPU.ActiveCfg = Debug|Any CPU
		{232BE58D-64D2-4739-9874-06EFF135B1A0}.Debug|Any CPU.Build.0 = Debug|Any CPU
		{232BE58D-64D2-4739-9874-06EFF135B1A0}.Release|Any CPU.ActiveCfg = Release|Any CPU
		{232BE58D-64D2-4739-9874-06EFF135B1A0}.Release|Any CPU.Build.0 = Release|Any CPU
		{2AF0A83A-0013-42B9-B320-DE3965A5304D}.Debug|Any CPU.ActiveCfg = Debug|Any CPU
		{2AF0A83A-0013-42B9-B320-DE3965A5304D}.Debug|Any CPU.Build.0 = Debug|Any CPU
		{2AF0A83A-0013-42B9-B320-DE3965A5304D}.Release|Any CPU.ActiveCfg = Release|Any CPU
		{2AF0A83A-0013-42B9-B320-DE3965A5304D}.Release|Any CPU.Build.0 = Release|Any CPU
	EndGlobalSection
	GlobalSection(SolutionProperties) = preSolution
		HideSolutionNode = FALSE
	EndGlobalSection
	GlobalSection(ExtensibilityGlobals) = postSolution
		SolutionGuid = {705003E9-14D3-4ED0-A32F-5146B6D6F215}
	EndGlobalSection
EndGlobal
